
Microsoft Visual Studio Solution File, Format Version 12.00
# Visual Studio Version 17
VisualStudioVersion = 17.11.35312.102
MinimumVisualStudioVersion = 10.0.40219.1
Project("{FAE04EC0-301F-11D3-BF4B-00C04F79EFBC}") = "webapp", "webapp\webapp.csproj", "{FF0F91DE-2A97-4979-9348-404ECD359BF7}"
EndProject
Global
	GlobalSection(SolutionConfigurationPlatforms) = preSolution
		Debug|Any CPU = Debug|Any CPU
		Release|Any CPU = Release|Any CPU
	EndGlobalSection
	GlobalSection(ProjectConfigurationPlatforms) = postSolution
		{FF0F91DE-2A97-4979-9348-404ECD359BF7}.Debug|Any CPU.ActiveCfg = Debug|Any CPU
		{FF0F91DE-2A97-4979-9348-404ECD359BF7}.Debug|Any CPU.Build.0 = Debug|Any CPU
		{FF0F91DE-2A97-4979-9348-404ECD359BF7}.Release|Any CPU.ActiveCfg = Release|Any CPU
		{FF0F91DE-2A97-4979-9348-404ECD359BF7}.Release|Any CPU.Build.0 = Release|Any CPU
	EndGlobalSection
	GlobalSection(SolutionProperties) = preSolution
		HideSolutionNode = FALSE
	EndGlobalSection
	GlobalSection(ExtensibilityGlobals) = postSolution
		SolutionGuid = {A9170123-BFD8-4810-AC0D-EE4BCC0CB8F2}
	EndGlobalSection
EndGlobal
